// !$*UTF8*$!
{
	archiveVersion = 1;
	classes = {
	};
	objectVersion = 46;
	objects = {

/* Begin PBXBuildFile section */
		624CE4D31AF310B700D61AA2 /* AppDelegate.swift in Sources */ = {isa = PBXBuildFile; fileRef = 624CE4D21AF310B700D61AA2 /* AppDelegate.swift */; };
		624CE4D51AF310B700D61AA2 /* ViewController.swift in Sources */ = {isa = PBXBuildFile; fileRef = 624CE4D41AF310B700D61AA2 /* ViewController.swift */; };
		624CE4D81AF310B700D61AA2 /* Main.storyboard in Resources */ = {isa = PBXBuildFile; fileRef = 624CE4D61AF310B700D61AA2 /* Main.storyboard */; };
		624CE4DA1AF310B700D61AA2 /* Images.xcassets in Resources */ = {isa = PBXBuildFile; fileRef = 624CE4D91AF310B700D61AA2 /* Images.xcassets */; };
		624CE4DD1AF310B700D61AA2 /* LaunchScreen.xib in Resources */ = {isa = PBXBuildFile; fileRef = 624CE4DB1AF310B700D61AA2 /* LaunchScreen.xib */; };
		624CE4E91AF310B700D61AA2 /* CPCanvasTests.swift in Sources */ = {isa = PBXBuildFile; fileRef = 624CE4E81AF310B700D61AA2 /* CPCanvasTests.swift */; };
/* End PBXBuildFile section */

/* Begin PBXContainerItemProxy section */
		624CE4E31AF310B700D61AA2 /* PBXContainerItemProxy */ = {
			isa = PBXContainerItemProxy;
			containerPortal = 624CE4C51AF310B700D61AA2 /* Project object */;
			proxyType = 1;
			remoteGlobalIDString = 624CE4CC1AF310B700D61AA2;
			remoteInfo = CPCanvas;
		};
/* End PBXContainerItemProxy section */

/* Begin PBXFileReference section */
		624CE4CD1AF310B700D61AA2 /* CPCanvas.app */ = {isa = PBXFileReference; explicitFileType = wrapper.application; includeInIndex = 0; path = CPCanvas.app; sourceTree = BUILT_PRODUCTS_DIR; };
		624CE4D11AF310B700D61AA2 /* Info.plist */ = {isa = PBXFileReference; lastKnownFileType = text.plist.xml; path = Info.plist; sourceTree = "<group>"; };
		624CE4D21AF310B700D61AA2 /* AppDelegate.swift */ = {isa = PBXFileReference; lastKnownFileType = sourcecode.swift; path = AppDelegate.swift; sourceTree = "<group>"; };
		624CE4D41AF310B700D61AA2 /* ViewController.swift */ = {isa = PBXFileReference; lastKnownFileType = sourcecode.swift; path = ViewController.swift; sourceTree = "<group>"; };
		624CE4D71AF310B700D61AA2 /* Base */ = {isa = PBXFileReference; lastKnownFileType = file.storyboard; name = Base; path = Base.lproj/Main.storyboard; sourceTree = "<group>"; };
		624CE4D91AF310B700D61AA2 /* Images.xcassets */ = {isa = PBXFileReference; lastKnownFileType = folder.assetcatalog; path = Images.xcassets; sourceTree = "<group>"; };
		624CE4DC1AF310B700D61AA2 /* Base */ = {isa = PBXFileReference; lastKnownFileType = file.xib; name = Base; path = Base.lproj/LaunchScreen.xib; sourceTree = "<group>"; };
		624CE4E21AF310B700D61AA2 /* CPCanvasTests.xctest */ = {isa = PBXFileReference; explicitFileType = wrapper.cfbundle; includeInIndex = 0; path = CPCanvasTests.xctest; sourceTree = BUILT_PRODUCTS_DIR; };
		624CE4E71AF310B700D61AA2 /* Info.plist */ = {isa = PBXFileReference; lastKnownFileType = text.plist.xml; path = Info.plist; sourceTree = "<group>"; };
		624CE4E81AF310B700D61AA2 /* CPCanvasTests.swift */ = {isa = PBXFileReference; lastKnownFileType = sourcecode.swift; path = CPCanvasTests.swift; sourceTree = "<group>"; };
/* End PBXFileReference section */

/* Begin PBXFrameworksBuildPhase section */
		624CE4CA1AF310B700D61AA2 /* Frameworks */ = {
			isa = PBXFrameworksBuildPhase;
			buildActionMask = 2147483647;
			files = (
			);
			runOnlyForDeploymentPostprocessing = 0;
		};
		624CE4DF1AF310B700D61AA2 /* Frameworks */ = {
			isa = PBXFrameworksBuildPhase;
			buildActionMask = 2147483647;
			files = (
			);
			runOnlyForDeploymentPostprocessing = 0;
		};
/* End PBXFrameworksBuildPhase section */

/* Begin PBXGroup section */
		624CE4C41AF310B700D61AA2 = {
			isa = PBXGroup;
			children = (
				624CE4CF1AF310B700D61AA2 /* CPCanvas */,
				624CE4E51AF310B700D61AA2 /* CPCanvasTests */,
				624CE4CE1AF310B700D61AA2 /* Products */,
			);
			sourceTree = "<group>";
		};
		624CE4CE1AF310B700D61AA2 /* Products */ = {
			isa = PBXGroup;
			children = (
				624CE4CD1AF310B700D61AA2 /* CPCanvas.app */,
				624CE4E21AF310B700D61AA2 /* CPCanvasTests.xctest */,
			);
			name = Products;
			sourceTree = "<group>";
		};
		624CE4CF1AF310B700D61AA2 /* CPCanvas */ = {
			isa = PBXGroup;
			children = (
				624CE4D21AF310B700D61AA2 /* AppDelegate.swift */,
				624CE4D41AF310B700D61AA2 /* ViewController.swift */,
				624CE4D61AF310B700D61AA2 /* Main.storyboard */,
				624CE4D91AF310B700D61AA2 /* Images.xcassets */,
				624CE4DB1AF310B700D61AA2 /* LaunchScreen.xib */,
				624CE4D01AF310B700D61AA2 /* Supporting Files */,
			);
			path = CPCanvas;
			sourceTree = "<group>";
		};
		624CE4D01AF310B700D61AA2 /* Supporting Files */ = {
			isa = PBXGroup;
			children = (
				624CE4D11AF310B700D61AA2 /* Info.plist */,
			);
			name = "Supporting Files";
			sourceTree = "<group>";
		};
		624CE4E51AF310B700D61AA2 /* CPCanvasTests */ = {
			isa = PBXGroup;
			children = (
				624CE4E81AF310B700D61AA2 /* CPCanvasTests.swift */,
				624CE4E61AF310B700D61AA2 /* Supporting Files */,
			);
			path = CPCanvasTests;
			sourceTree = "<group>";
		};
		624CE4E61AF310B700D61AA2 /* Supporting Files */ = {
			isa = PBXGroup;
			children = (
				624CE4E71AF310B700D61AA2 /* Info.plist */,
			);
			name = "Supporting Files";
			sourceTree = "<group>";
		};
/* End PBXGroup section */

/* Begin PBXNativeTarget section */
		624CE4CC1AF310B700D61AA2 /* CPCanvas */ = {
			isa = PBXNativeTarget;
			buildConfigurationList = 624CE4EC1AF310B700D61AA2 /* Build configuration list for PBXNativeTarget "CPCanvas" */;
			buildPhases = (
				624CE4C91AF310B700D61AA2 /* Sources */,
				624CE4CA1AF310B700D61AA2 /* Frameworks */,
				624CE4CB1AF310B700D61AA2 /* Resources */,
			);
			buildRules = (
			);
			dependencies = (
			);
			name = CPCanvas;
			productName = CPCanvas;
			productReference = 624CE4CD1AF310B700D61AA2 /* CPCanvas.app */;
			productType = "com.apple.product-type.application";
		};
		624CE4E11AF310B700D61AA2 /* CPCanvasTests */ = {
			isa = PBXNativeTarget;
			buildConfigurationList = 624CE4EF1AF310B700D61AA2 /* Build configuration list for PBXNativeTarget "CPCanvasTests" */;
			buildPhases = (
				624CE4DE1AF310B700D61AA2 /* Sources */,
				624CE4DF1AF310B700D61AA2 /* Frameworks */,
				624CE4E01AF310B700D61AA2 /* Resources */,
			);
			buildRules = (
			);
			dependencies = (
				624CE4E41AF310B700D61AA2 /* PBXTargetDependency */,
			);
			name = CPCanvasTests;
			productName = CPCanvasTests;
			productReference = 624CE4E21AF310B700D61AA2 /* CPCanvasTests.xctest */;
			productType = "com.apple.product-type.bundle.unit-test";
		};
/* End PBXNativeTarget section */

/* Begin PBXProject section */
		624CE4C51AF310B700D61AA2 /* Project object */ = {
			isa = PBXProject;
			attributes = {
				LastUpgradeCheck = 0630;
				ORGANIZATIONNAME = "Hassan Karaouni";
				TargetAttributes = {
					624CE4CC1AF310B700D61AA2 = {
						CreatedOnToolsVersion = 6.3.1;
					};
					624CE4E11AF310B700D61AA2 = {
						CreatedOnToolsVersion = 6.3.1;
						TestTargetID = 624CE4CC1AF310B700D61AA2;
					};
				};
			};
			buildConfigurationList = 624CE4C81AF310B700D61AA2 /* Build configuration list for PBXProject "CPCanvas" */;
			compatibilityVersion = "Xcode 3.2";
			developmentRegion = English;
			hasScannedForEncodings = 0;
			knownRegions = (
				en,
				Base,
			);
			mainGroup = 624CE4C41AF310B700D61AA2;
			productRefGroup = 624CE4CE1AF310B700D61AA2 /* Products */;
			projectDirPath = "";
			projectRoot = "";
			targets = (
				624CE4CC1AF310B700D61AA2 /* CPCanvas */,
				624CE4E11AF310B700D61AA2 /* CPCanvasTests */,
			);
		};
/* End PBXProject section */

/* Begin PBXResourcesBuildPhase section */
		624CE4CB1AF310B700D61AA2 /* Resources */ = {
			isa = PBXResourcesBuildPhase;
			buildActionMask = 2147483647;
			files = (
				624CE4D81AF310B700D61AA2 /* Main.storyboard in Resources */,
				624CE4DD1AF310B700D61AA2 /* LaunchScreen.xib in Resources */,
				624CE4DA1AF310B700D61AA2 /* Images.xcassets in Resources */,
			);
			runOnlyForDeploymentPostprocessing = 0;
		};
		624CE4E01AF310B700D61AA2 /* Resources */ = {
			isa = PBXResourcesBuildPhase;
			buildActionMask = 2147483647;
			files = (
			);
			runOnlyForDeploymentPostprocessing = 0;
		};
/* End PBXResourcesBuildPhase section */

/* Begin PBXSourcesBuildPhase section */
		624CE4C91AF310B700D61AA2 /* Sources */ = {
			isa = PBXSourcesBuildPhase;
			buildActionMask = 2147483647;
			files = (
				624CE4D51AF310B700D61AA2 /* ViewController.swift in Sources */,
				624CE4D31AF310B700D61AA2 /* AppDelegate.swift in Sources */,
			);
			runOnlyForDeploymentPostprocessing = 0;
		};
		624CE4DE1AF310B700D61AA2 /* Sources */ = {
			isa = PBXSourcesBuildPhase;
			buildActionMask = 2147483647;
			files = (
				624CE4E91AF310B700D61AA2 /* CPCanvasTests.swift in Sources */,
			);
			runOnlyForDeploymentPostprocessing = 0;
		};
/* End PBXSourcesBuildPhase section */

/* Begin PBXTargetDependency section */
		624CE4E41AF310B700D61AA2 /* PBXTargetDependency */ = {
			isa = PBXTargetDependency;
			target = 624CE4CC1AF310B700D61AA2 /* CPCanvas */;
			targetProxy = 624CE4E31AF310B700D61AA2 /* PBXContainerItemProxy */;
		};
/* End PBXTargetDependency section */

/* Begin PBXVariantGroup section */
		624CE4D61AF310B700D61AA2 /* Main.storyboard */ = {
			isa = PBXVariantGroup;
			children = (
				624CE4D71AF310B700D61AA2 /* Base */,
			);
			name = Main.storyboard;
			sourceTree = "<group>";
		};
		624CE4DB1AF310B700D61AA2 /* LaunchScreen.xib */ = {
			isa = PBXVariantGroup;
			children = (
				624CE4DC1AF310B700D61AA2 /* Base */,
			);
			name = LaunchScreen.xib;
			sourceTree = "<group>";
		};
/* End PBXVariantGroup section */

/* Begin XCBuildConfiguration section */
		624CE4EA1AF310B700D61AA2 /* Debug */ = {
			isa = XCBuildConfiguration;
			buildSettings = {
				ALWAYS_SEARCH_USER_PATHS = NO;
				CLANG_CXX_LANGUAGE_STANDARD = "gnu++0x";
				CLANG_CXX_LIBRARY = "libc++";
				CLANG_ENABLE_MODULES = YES;
				CLANG_ENABLE_OBJC_ARC = YES;
				CLANG_WARN_BOOL_CONVERSION = YES;
				CLANG_WARN_CONSTANT_CONVERSION = YES;
				CLANG_WARN_DIRECT_OBJC_ISA_USAGE = YES_ERROR;
				CLANG_WARN_EMPTY_BODY = YES;
				CLANG_WARN_ENUM_CONVERSION = YES;
				CLANG_WARN_INT_CONVERSION = YES;
				CLANG_WARN_OBJC_ROOT_CLASS = YES_ERROR;
				CLANG_WARN_UNREACHABLE_CODE = YES;
				CLANG_WARN__DUPLICATE_METHOD_MATCH = YES;
				"CODE_SIGN_IDENTITY[sdk=iphoneos*]" = "iPhone Developer";
				COPY_PHASE_STRIP = NO;
				DEBUG_INFORMATION_FORMAT = "dwarf-with-dsym";
				ENABLE_STRICT_OBJC_MSGSEND = YES;
				GCC_C_LANGUAGE_STANDARD = gnu99;
				GCC_DYNAMIC_NO_PIC = NO;
				GCC_NO_COMMON_BLOCKS = YES;
				GCC_OPTIMIZATION_LEVEL = 0;
				GCC_PREPROCESSOR_DEFINITIONS = (
					"DEBUG=1",
					"$(inherited)",
				);
				GCC_SYMBOLS_PRIVATE_EXTERN = NO;
				GCC_WARN_64_TO_32_BIT_CONVERSION = YES;
				GCC_WARN_ABOUT_RETURN_TYPE = YES_ERROR;
				GCC_WARN_UNDECLARED_SELECTOR = YES;
				GCC_WARN_UNINITIALIZED_AUTOS = YES_AGGRESSIVE;
				GCC_WARN_UNUSED_FUNCTION = YES;
				GCC_WARN_UNUSED_VARIABLE = YES;
				IPHONEOS_DEPLOYMENT_TARGET = 8.3;
				MTL_ENABLE_DEBUG_INFO = YES;
				ONLY_ACTIVE_ARCH = YES;
				SDKROOT = iphoneos;
				SWIFT_OPTIMIZATION_LEVEL = "-Onone";
				TARGETED_DEVICE_FAMILY = "1,2";
			};
			name = Debug;
		};
		624CE4EB1AF310B700D61AA2 /* Release */ = {
			isa = XCBuildConfiguration;
			buildSettings = {
				ALWAYS_SEARCH_USER_PATHS = NO;
				CLANG_CXX_LANGUAGE_STANDARD = "gnu++0x";
				CLANG_CXX_LIBRARY = "libc++";
				CLANG_ENABLE_MODULES = YES;
				CLANG_ENABLE_OBJC_ARC = YES;
				CLANG_WARN_BOOL_CONVERSION = YES;
				CLANG_WARN_CONSTANT_CONVERSION = YES;
				CLANG_WARN_DIRECT_OBJC_ISA_USAGE = YES_ERROR;
				CLANG_WARN_EMPTY_BODY = YES;
				CLANG_WARN_ENUM_CONVERSION = YES;
				CLANG_WARN_INT_CONVERSION = YES;
				CLANG_WARN_OBJC_ROOT_CLASS = YES_ERROR;
				CLANG_WARN_UNREACHABLE_CODE = YES;
				CLANG_WARN__DUPLICATE_METHOD_MATCH = YES;
				"CODE_SIGN_IDENTITY[sdk=iphoneos*]" = "iPhone Developer";
				COPY_PHASE_STRIP = NO;
				DEBUG_INFORMATION_FORMAT = "dwarf-with-dsym";
				ENABLE_NS_ASSERTIONS = NO;
				ENABLE_STRICT_OBJC_MSGSEND = YES;
				GCC_C_LANGUAGE_STANDARD = gnu99;
				GCC_NO_COMMON_BLOCKS = YES;
				GCC_WARN_64_TO_32_BIT_CONVERSION = YES;
				GCC_WARN_ABOUT_RETURN_TYPE = YES_ERROR;
				GCC_WARN_UNDECLARED_SELECTOR = YES;
				GCC_WARN_UNINITIALIZED_AUTOS = YES_AGGRESSIVE;
				GCC_WARN_UNUSED_FUNCTION = YES;
				GCC_WARN_UNUSED_VARIABLE = YES;
				IPHONEOS_DEPLOYMENT_TARGET = 8.3;
				MTL_ENABLE_DEBUG_INFO = NO;
				SDKROOT = iphoneos;
				TARGETED_DEVICE_FAMILY = "1,2";
				VALIDATE_PRODUCT = YES;
			};
			name = Release;
		};
		624CE4ED1AF310B700D61AA2 /* Debug */ = {
			isa = XCBuildConfiguration;
			buildSettings = {
				ASSETCATALOG_COMPILER_APPICON_NAME = AppIcon;
				INFOPLIST_FILE = CPCanvas/Info.plist;
				LD_RUNPATH_SEARCH_PATHS = "$(inherited) @executable_path/Frameworks";
				PRODUCT_NAME = "$(TARGET_NAME)";
			};
			name = Debug;
		};
		624CE4EE1AF310B700D61AA2 /* Release */ = {
			isa = XCBuildConfiguration;
			buildSettings = {
				ASSETCATALOG_COMPILER_APPICON_NAME = AppIcon;
				INFOPLIST_FILE = CPCanvas/Info.plist;
				LD_RUNPATH_SEARCH_PATHS = "$(inherited) @executable_path/Frameworks";
				PRODUCT_NAME = "$(TARGET_NAME)";
			};
			name = Release;
		};
		624CE4F01AF310B700D61AA2 /* Debug */ = {
			isa = XCBuildConfiguration;
			buildSettings = {
				BUNDLE_LOADER = "$(TEST_HOST)";
				FRAMEWORK_SEARCH_PATHS = (
					"$(SDKROOT)/Developer/Library/Frameworks",
					"$(inherited)",
				);
				GCC_PREPROCESSOR_DEFINITIONS = (
					"DEBUG=1",
					"$(inherited)",
				);
				INFOPLIST_FILE = CPCanvasTests/Info.plist;
				LD_RUNPATH_SEARCH_PATHS = "$(inherited) @executable_path/Frameworks @loader_path/Frameworks";
				PRODUCT_NAME = "$(TARGET_NAME)";
				TEST_HOST = "$(BUILT_PRODUCTS_DIR)/CPCanvas.app/CPCanvas";
			};
			name = Debug;
		};
		624CE4F11AF310B700D61AA2 /* Release */ = {
			isa = XCBuildConfiguration;
			buildSettings = {
				BUNDLE_LOADER = "$(TEST_HOST)";
				FRAMEWORK_SEARCH_PATHS = (
					"$(SDKROOT)/Developer/Library/Frameworks",
					"$(inherited)",
				);
				INFOPLIST_FILE = CPCanvasTests/Info.plist;
				LD_RUNPATH_SEARCH_PATHS = "$(inherited) @executable_path/Frameworks @loader_path/Frameworks";
				PRODUCT_NAME = "$(TARGET_NAME)";
				TEST_HOST = "$(BUILT_PRODUCTS_DIR)/CPCanvas.app/CPCanvas";
			};
			name = Release;
		};
/* End XCBuildConfiguration section */

/* Begin XCConfigurationList section */
		624CE4C81AF310B700D61AA2 /* Build configuration list for PBXProject "CPCanvas" */ = {
			isa = XCConfigurationList;
			buildConfigurations = (
				624CE4EA1AF310B700D61AA2 /* Debug */,
				624CE4EB1AF310B700D61AA2 /* Release */,
			);
			defaultConfigurationIsVisible = 0;
			defaultConfigurationName = Release;
		};
		624CE4EC1AF310B700D61AA2 /* Build configuration list for PBXNativeTarget "CPCanvas" */ = {
			isa = XCConfigurationList;
			buildConfigurations = (
				624CE4ED1AF310B700D61AA2 /* Debug */,
				624CE4EE1AF310B700D61AA2 /* Release */,
			);
			defaultConfigurationIsVisible = 0;
		};
		624CE4EF1AF310B700D61AA2 /* Build configuration list for PBXNativeTarget "CPCanvasTests" */ = {
			isa = XCConfigurationList;
			buildConfigurations = (
				624CE4F01AF310B700D61AA2 /* Debug */,
				624CE4F11AF310B700D61AA2 /* Release */,
			);
			defaultConfigurationIsVisible = 0;
		};
/* End XCConfigurationList section */
	};
	rootObject = 624CE4C51AF310B700D61AA2 /* Project object */;
}
